
Microsoft Visual Studio Solution File, Format Version 12.00
# Visual Studio 15
VisualStudioVersion = 15.0.28307.645
MinimumVisualStudioVersion = 10.0.40219.1
Project("{9A19103F-16F7-4668-BE54-9A1E7A4F7556}") = "AirTest.Domain", "AirTest.Domain\AirTest.Domain.csproj", "{04C2A7E6-F50F-4BAB-9D73-CBCFA8FF7AD5}"
EndProject
Project("{9A19103F-16F7-4668-BE54-9A1E7A4F7556}") = "AirTest.Api", "AirTest.Api\AirTest.Api.csproj", "{E73E282C-CBA7-4AF5-8D09-0502724F6B65}"
EndProject
Project("{9A19103F-16F7-4668-BE54-9A1E7A4F7556}") = "AirTest.Repository", "AirTest.Repository\AirTest.Repository.csproj", "{C9CDE599-8A64-49C1-BEF9-F69FC15F944B}"
EndProject
Global
	GlobalSection(SolutionConfigurationPlatforms) = preSolution
		Debug|Any CPU = Debug|Any CPU
		Release|Any CPU = Release|Any CPU
	EndGlobalSection
	GlobalSection(ProjectConfigurationPlatforms) = postSolution
		{04C2A7E6-F50F-4BAB-9D73-CBCFA8FF7AD5}.Debug|Any CPU.ActiveCfg = Debug|Any CPU
		{04C2A7E6-F50F-4BAB-9D73-CBCFA8FF7AD5}.Debug|Any CPU.Build.0 = Debug|Any CPU
		{04C2A7E6-F50F-4BAB-9D73-CBCFA8FF7AD5}.Release|Any CPU.ActiveCfg = Release|Any CPU
		{04C2A7E6-F50F-4BAB-9D73-CBCFA8FF7AD5}.Release|Any CPU.Build.0 = Release|Any CPU
		{E73E282C-CBA7-4AF5-8D09-0502724F6B65}.Debug|Any CPU.ActiveCfg = Debug|Any CPU
		{E73E282C-CBA7-4AF5-8D09-0502724F6B65}.Debug|Any CPU.Build.0 = Debug|Any CPU
		{E73E282C-CBA7-4AF5-8D09-0502724F6B65}.Release|Any CPU.ActiveCfg = Release|Any CPU
		{E73E282C-CBA7-4AF5-8D09-0502724F6B65}.Release|Any CPU.Build.0 = Release|Any CPU
		{C9CDE599-8A64-49C1-BEF9-F69FC15F944B}.Debug|Any CPU.ActiveCfg = Debug|Any CPU
		{C9CDE599-8A64-49C1-BEF9-F69FC15F944B}.Debug|Any CPU.Build.0 = Debug|Any CPU
		{C9CDE599-8A64-49C1-BEF9-F69FC15F944B}.Release|Any CPU.ActiveCfg = Release|Any CPU
		{C9CDE599-8A64-49C1-BEF9-F69FC15F944B}.Release|Any CPU.Build.0 = Release|Any CPU
	EndGlobalSection
	GlobalSection(SolutionProperties) = preSolution
		HideSolutionNode = FALSE
	EndGlobalSection
	GlobalSection(ExtensibilityGlobals) = postSolution
		SolutionGuid = {28713A6F-0956-445C-A0D6-0C18656C2187}
	EndGlobalSection
EndGlobal
